
Microsoft Visual Studio Solution File, Format Version 12.00
# Visual Studio 15
VisualStudioVersion = 15.0.28307.421
MinimumVisualStudioVersion = 10.0.40219.1
Project("{9A19103F-16F7-4668-BE54-9A1E7A4F7556}") = "Mystery_App_1", "Mystery_App_1\Mystery_App_1.csproj", "{A8825C0A-479F-4DD9-A47C-A07ACED9C107}"
EndProject
Project("{9A19103F-16F7-4668-BE54-9A1E7A4F7556}") = "Mystery_App_2", "Mystery_App_2\Mystery_App_2.csproj", "{B5C3E787-23CF-4FB9-92E9-02429833ADC9}"
EndProject
Project("{9A19103F-16F7-4668-BE54-9A1E7A4F7556}") = "Mystery_App_3", "Mystery_App_3\Mystery_App_3.csproj", "{00AF80A1-DE59-43AB-BD18-777BCF1481EB}"
EndProject
Project("{9A19103F-16F7-4668-BE54-9A1E7A4F7556}") = "Mystery_App_4", "Mystery_App_4\Mystery_App_4.csproj", "{7CDAADA2-3308-4BFB-9A3B-C5729B90A756}"
EndProject
Project("{2150E333-8FDC-42A3-9474-1A3956D46DE8}") = "Solution Items", "Solution Items", "{A2188AF6-0F6F-4B7C-8FBD-0E25004308C1}"
	ProjectSection(SolutionItems) = preProject
		Configuring WinDBG.txt = Configuring WinDBG.txt
	EndProjectSection
EndProject
Global
	GlobalSection(SolutionConfigurationPlatforms) = preSolution
		Debug|Any CPU = Debug|Any CPU
		Release|Any CPU = Release|Any CPU
	EndGlobalSection
	GlobalSection(ProjectConfigurationPlatforms) = postSolution
		{A8825C0A-479F-4DD9-A47C-A07ACED9C107}.Debug|Any CPU.ActiveCfg = Debug|Any CPU
		{A8825C0A-479F-4DD9-A47C-A07ACED9C107}.Debug|Any CPU.Build.0 = Debug|Any CPU
		{A8825C0A-479F-4DD9-A47C-A07ACED9C107}.Release|Any CPU.ActiveCfg = Release|Any CPU
		{A8825C0A-479F-4DD9-A47C-A07ACED9C107}.Release|Any CPU.Build.0 = Release|Any CPU
		{B5C3E787-23CF-4FB9-92E9-02429833ADC9}.Debug|Any CPU.ActiveCfg = Debug|Any CPU
		{B5C3E787-23CF-4FB9-92E9-02429833ADC9}.Debug|Any CPU.Build.0 = Debug|Any CPU
		{B5C3E787-23CF-4FB9-92E9-02429833ADC9}.Release|Any CPU.ActiveCfg = Release|Any CPU
		{B5C3E787-23CF-4FB9-92E9-02429833ADC9}.Release|Any CPU.Build.0 = Release|Any CPU
		{00AF80A1-DE59-43AB-BD18-777BCF1481EB}.Debug|Any CPU.ActiveCfg = Debug|Any CPU
		{00AF80A1-DE59-43AB-BD18-777BCF1481EB}.Debug|Any CPU.Build.0 = Debug|Any CPU
		{00AF80A1-DE59-43AB-BD18-777BCF1481EB}.Release|Any CPU.ActiveCfg = Release|Any CPU
		{00AF80A1-DE59-43AB-BD18-777BCF1481EB}.Release|Any CPU.Build.0 = Release|Any CPU
		{7CDAADA2-3308-4BFB-9A3B-C5729B90A756}.Debug|Any CPU.ActiveCfg = Debug|Any CPU
		{7CDAADA2-3308-4BFB-9A3B-C5729B90A756}.Debug|Any CPU.Build.0 = Debug|Any CPU
		{7CDAADA2-3308-4BFB-9A3B-C5729B90A756}.Release|Any CPU.ActiveCfg = Release|Any CPU
		{7CDAADA2-3308-4BFB-9A3B-C5729B90A756}.Release|Any CPU.Build.0 = Release|Any CPU
	EndGlobalSection
	GlobalSection(SolutionProperties) = preSolution
		HideSolutionNode = FALSE
	EndGlobalSection
	GlobalSection(ExtensibilityGlobals) = postSolution
		SolutionGuid = {6ECF1520-804B-4769-9A41-8640C9F7E59C}
	EndGlobalSection
EndGlobal
